// !$*UTF8*$!
{
	archiveVersion = 1;
	classes = {
	};
	objectVersion = 77;
	objects = {

/* Begin PBXBuildFile section */
		3652A4102DB436FA001FD2BA /* Extensions+View.swift in Sources */ = {isa = PBXBuildFile; fileRef = 3652A40F2DB436FA001FD2BA /* Extensions+View.swift */; };
		3652A4122DB43743001FD2BA /* ViewModifiers.swift in Sources */ = {isa = PBXBuildFile; fileRef = 3652A4112DB43743001FD2BA /* ViewModifiers.swift */; };
		3652A4142DB43B35001FD2BA /* StreakView.swift in Sources */ = {isa = PBXBuildFile; fileRef = 3652A4132DB43B34001FD2BA /* StreakView.swift */; };
		3652A4162DB43DFD001FD2BA /* Extensions+Color.swift in Sources */ = {isa = PBXBuildFile; fileRef = 3652A4152DB43DFD001FD2BA /* Extensions+Color.swift */; };
		3670FF8B2E2EC6000000F67A /* Config.xcconfig in Resources */ = {isa = PBXBuildFile; fileRef = 3670FF8A2E2EC6000000F67A /* Config.xcconfig */; };
		3670FF8D2E300E100000F67A /* QuizManager.swift in Sources */ = {isa = PBXBuildFile; fileRef = 3670FF8C2E300E100000F67A /* QuizManager.swift */; };
		3670FF8F2E300E1A0000F67A /* QuizRepository.swift in Sources */ = {isa = PBXBuildFile; fileRef = 3670FF8E2E300E1A0000F67A /* QuizRepository.swift */; };
		367BF5D02D73C0D700F97BA1 /* LetsStartAQuizScreen.swift in Sources */ = {isa = PBXBuildFile; fileRef = 367BF5CF2D73C0D700F97BA1 /* LetsStartAQuizScreen.swift */; };
		3680A4092D53D12C008040F7 /* SurveyButton.swift in Sources */ = {isa = PBXBuildFile; fileRef = 3680A4082D53D12C008040F7 /* SurveyButton.swift */; };
		3680A40B2D53DD47008040F7 /* DidYouKnowScreen.swift in Sources */ = {isa = PBXBuildFile; fileRef = 3680A40A2D53DD47008040F7 /* DidYouKnowScreen.swift */; };
		3689B6012DB52B75008B3EB2 /* LetsCreateYourProfileScreen.swift in Sources */ = {isa = PBXBuildFile; fileRef = 3689B6002DB52B75008B3EB2 /* LetsCreateYourProfileScreen.swift */; };
		36A591FB2D1EBE5900972BA2 /* LoadingManager.swift in Sources */ = {isa = PBXBuildFile; fileRef = 36A591FA2D1EBE5900972BA2 /* LoadingManager.swift */; };
		36A592012D1EC62C00972BA2 /* Lottie in Frameworks */ = {isa = PBXBuildFile; productRef = 36A592002D1EC62C00972BA2 /* Lottie */; };
		36A592032D1EC81E00972BA2 /* Loading.json in Resources */ = {isa = PBXBuildFile; fileRef = 36A592022D1EC81E00972BA2 /* Loading.json */; };
		36A6512D2D184E220065AE7C /* Auth in Frameworks */ = {isa = PBXBuildFile; productRef = 36A6512C2D184E220065AE7C /* Auth */; };
		36A6512F2D184E220065AE7C /* Functions in Frameworks */ = {isa = PBXBuildFile; productRef = 36A6512E2D184E220065AE7C /* Functions */; };
		36A651312D184E220065AE7C /* Realtime in Frameworks */ = {isa = PBXBuildFile; productRef = 36A651302D184E220065AE7C /* Realtime */; };
		36A651332D184E220065AE7C /* Storage in Frameworks */ = {isa = PBXBuildFile; productRef = 36A651322D184E220065AE7C /* Storage */; };
		36A651352D184E220065AE7C /* Supabase in Frameworks */ = {isa = PBXBuildFile; productRef = 36A651342D184E220065AE7C /* Supabase */; };
		36AC72372CB59358002FF37C /* BibleTriviaApp.swift in Sources */ = {isa = PBXBuildFile; fileRef = 36AC722E2CB59358002FF37C /* BibleTriviaApp.swift */; };
		36B5A74E2D2984F10021F21C /* Errors.swift in Sources */ = {isa = PBXBuildFile; fileRef = 36B5A74D2D2984F10021F21C /* Errors.swift */; };
		36B5A7552D2B01DE0021F21C /* AuthManager.swift in Sources */ = {isa = PBXBuildFile; fileRef = 36B5A7542D2B01DE0021F21C /* AuthManager.swift */; };
		36B5A7572D2B14290021F21C /* UserStreak.swift in Sources */ = {isa = PBXBuildFile; fileRef = 36B5A7562D2B14290021F21C /* UserStreak.swift */; };
		36B5A75A2D2B16700021F21C /* StreakManager.swift in Sources */ = {isa = PBXBuildFile; fileRef = 36B5A7592D2B16700021F21C /* StreakManager.swift */; };
		36B5A75C2D32EEF40021F21C /* UserManager.swift in Sources */ = {isa = PBXBuildFile; fileRef = 36B5A75B2D32EEF40021F21C /* UserManager.swift */; };
		36B5A75E2D35B1270021F21C /* SignInScreen.swift in Sources */ = {isa = PBXBuildFile; fileRef = 36B5A75D2D35B1270021F21C /* SignInScreen.swift */; };
		36B5D5F22D3C0E6400D5E732 /* OnboardButton.swift in Sources */ = {isa = PBXBuildFile; fileRef = 36B5D5F12D3C0E6400D5E732 /* OnboardButton.swift */; };
		36B5D5F42D3C153C00D5E732 /* OnboardingComponentsView.swift in Sources */ = {isa = PBXBuildFile; fileRef = 36B5D5F32D3C153C00D5E732 /* OnboardingComponentsView.swift */; };
		36B5D5F62D3C177200D5E732 /* ProviderLoginButton.swift in Sources */ = {isa = PBXBuildFile; fileRef = 36B5D5F52D3C177200D5E732 /* ProviderLoginButton.swift */; };
		36B5D5F82D3C218400D5E732 /* Provider.swift in Sources */ = {isa = PBXBuildFile; fileRef = 36B5D5F72D3C218400D5E732 /* Provider.swift */; };
		36B5D5FC2D3C2E5F00D5E732 /* OnboardingProcessView.swift in Sources */ = {isa = PBXBuildFile; fileRef = 36B5D5FB2D3C2E5F00D5E732 /* OnboardingProcessView.swift */; };
		36B5D5FE2D3C2F4300D5E732 /* AvatarView.swift in Sources */ = {isa = PBXBuildFile; fileRef = 36B5D5FD2D3C2F4300D5E732 /* AvatarView.swift */; };
		36B5D6002D3C2FC700D5E732 /* BTTextField.swift in Sources */ = {isa = PBXBuildFile; fileRef = 36B5D5FF2D3C2FC700D5E732 /* BTTextField.swift */; };
		36B5D6022D3C327000D5E732 /* ProgressTimerButton.swift in Sources */ = {isa = PBXBuildFile; fileRef = 36B5D6012D3C327000D5E732 /* ProgressTimerButton.swift */; };
		36B5D6042D3C3E5B00D5E732 /* WelcomeView.swift in Sources */ = {isa = PBXBuildFile; fileRef = 36B5D6032D3C3E5B00D5E732 /* WelcomeView.swift */; };
		36B5D6062D3C410700D5E732 /* LoginView.swift in Sources */ = {isa = PBXBuildFile; fileRef = 36B5D6052D3C410700D5E732 /* LoginView.swift */; };
		36B5D6082D3C472700D5E732 /* CustomNavigationBar.swift in Sources */ = {isa = PBXBuildFile; fileRef = 36B5D6072D3C472700D5E732 /* CustomNavigationBar.swift */; };
		36CA40A22D3D3582003B1164 /* AlertManager.swift in Sources */ = {isa = PBXBuildFile; fileRef = 36CA40A12D3D3582003B1164 /* AlertManager.swift */; };
		36CA40A42D3D4D80003B1164 /* GetEmailView.swift in Sources */ = {isa = PBXBuildFile; fileRef = 36CA40A32D3D4D80003B1164 /* GetEmailView.swift */; };
		36CA40A62D3D4EF2003B1164 /* OnboardingManager.swift in Sources */ = {isa = PBXBuildFile; fileRef = 36CA40A52D3D4EF2003B1164 /* OnboardingManager.swift */; };
		36CA40A82D3D5839003B1164 /* SurveyView.swift in Sources */ = {isa = PBXBuildFile; fileRef = 36CA40A72D3D5839003B1164 /* SurveyView.swift */; };
		36E0A5E92D1C47C5006AEC4F /* Answer.swift in Sources */ = {isa = PBXBuildFile; fileRef = 36E0A5A52D1C47C5006AEC4F /* Answer.swift */; };
		36E0A5EA2D1C47C5006AEC4F /* DifficultyLevel.swift in Sources */ = {isa = PBXBuildFile; fileRef = 36E0A5A62D1C47C5006AEC4F /* DifficultyLevel.swift */; };
		36E0A5EB2D1C47C5006AEC4F /* Question.swift in Sources */ = {isa = PBXBuildFile; fileRef = 36E0A5A72D1C47C5006AEC4F /* Question.swift */; };
		36E0A5EC2D1C47C5006AEC4F /* Quiz.swift in Sources */ = {isa = PBXBuildFile; fileRef = 36E0A5A82D1C47C5006AEC4F /* Quiz.swift */; };
		36E0A5ED2D1C47C5006AEC4F /* SectionModel.swift in Sources */ = {isa = PBXBuildFile; fileRef = 36E0A5A92D1C47C5006AEC4F /* SectionModel.swift */; };
		36E0A5EE2D1C47C5006AEC4F /* Topic.swift in Sources */ = {isa = PBXBuildFile; fileRef = 36E0A5AA2D1C47C5006AEC4F /* Topic.swift */; };
		36E0A5EF2D1C47C5006AEC4F /* UserModel.swift in Sources */ = {isa = PBXBuildFile; fileRef = 36E0A5AB2D1C47C5006AEC4F /* UserModel.swift */; };
		36E0A5F02D1C47C5006AEC4F /* QuizStore.swift in Sources */ = {isa = PBXBuildFile; fileRef = 36E0A5AD2D1C47C5006AEC4F /* QuizStore.swift */; };
		36E0A5F12D1C47C5006AEC4F /* Supabase.swift in Sources */ = {isa = PBXBuildFile; fileRef = 36E0A5AE2D1C47C5006AEC4F /* Supabase.swift */; };
		36E0A5F22D1C47C5006AEC4F /* FlowLayout.swift in Sources */ = {isa = PBXBuildFile; fileRef = 36E0A5B02D1C47C5006AEC4F /* FlowLayout.swift */; };
		36E0A5F32D1C47C5006AEC4F /* AlertDialog.swift in Sources */ = {isa = PBXBuildFile; fileRef = 36E0A5B62D1C47C5006AEC4F /* AlertDialog.swift */; };
		36E0A5F42D1C47C5006AEC4F /* Color.swift in Sources */ = {isa = PBXBuildFile; fileRef = 36E0A5B82D1C47C5006AEC4F /* Color.swift */; };
		36E0A5F52D1C47C5006AEC4F /* Constants.swift in Sources */ = {isa = PBXBuildFile; fileRef = 36E0A5B92D1C47C5006AEC4F /* Constants.swift */; };
		36E0A5F62D1C47C5006AEC4F /* CustomText.swift in Sources */ = {isa = PBXBuildFile; fileRef = 36E0A5BA2D1C47C5006AEC4F /* CustomText.swift */; };
		36E0A5F72D1C47C5006AEC4F /* DummySVM.swift in Sources */ = {isa = PBXBuildFile; fileRef = 36E0A5BC2D1C47C5006AEC4F /* DummySVM.swift */; };
		36E0A5F92D1C47C5006AEC4F /* ActionButtons.swift in Sources */ = {isa = PBXBuildFile; fileRef = 36E0A5BF2D1C47C5006AEC4F /* ActionButtons.swift */; };
		36E0A5FA2D1C47C5006AEC4F /* ProgressViews.swift in Sources */ = {isa = PBXBuildFile; fileRef = 36E0A5C02D1C47C5006AEC4F /* ProgressViews.swift */; };
		36E0A5FB2D1C47C5006AEC4F /* QuizViewToolbar.swift in Sources */ = {isa = PBXBuildFile; fileRef = 36E0A5C12D1C47C5006AEC4F /* QuizViewToolbar.swift */; };
		36E0A5FC2D1C47C5006AEC4F /* ScoreButton.swift in Sources */ = {isa = PBXBuildFile; fileRef = 36E0A5C22D1C47C5006AEC4F /* ScoreButton.swift */; };
		36E0A5FD2D1C47C5006AEC4F /* UserAccountCard.swift in Sources */ = {isa = PBXBuildFile; fileRef = 36E0A5C32D1C47C5006AEC4F /* UserAccountCard.swift */; };
		36E0A5FE2D1C47C5006AEC4F /* AccountView.swift in Sources */ = {isa = PBXBuildFile; fileRef = 36E0A5C52D1C47C5006AEC4F /* AccountView.swift */; };
		36E0A5FF2D1C47C5006AEC4F /* MyProgressView.swift in Sources */ = {isa = PBXBuildFile; fileRef = 36E0A5C62D1C47C5006AEC4F /* MyProgressView.swift */; };
		36E0A6002D1C47C5006AEC4F /* HomeView.swift in Sources */ = {isa = PBXBuildFile; fileRef = 36E0A5C82D1C47C5006AEC4F /* HomeView.swift */; };
		36E0A6012D1C47C5006AEC4F /* HomeViewTabBar.swift in Sources */ = {isa = PBXBuildFile; fileRef = 36E0A5C92D1C47C5006AEC4F /* HomeViewTabBar.swift */; };
		36E0A6022D1C47C5006AEC4F /* PlayView.swift in Sources */ = {isa = PBXBuildFile; fileRef = 36E0A5CA2D1C47C5006AEC4F /* PlayView.swift */; };
		36E0A6032D1C47C5006AEC4F /* QuizView.swift in Sources */ = {isa = PBXBuildFile; fileRef = 36E0A5CB2D1C47C5006AEC4F /* QuizView.swift */; };
		36E0A6042D1C47C5006AEC4F /* TopicsView.swift in Sources */ = {isa = PBXBuildFile; fileRef = 36E0A5CC2D1C47C5006AEC4F /* TopicsView.swift */; };
		36E0A6052D1C47C5006AEC4F /* ChooseQuizModal.swift in Sources */ = {isa = PBXBuildFile; fileRef = 36E0A5CE2D1C47C5006AEC4F /* ChooseQuizModal.swift */; };
		36E0A6062D1C47C5006AEC4F /* ChooseTopicModal.swift in Sources */ = {isa = PBXBuildFile; fileRef = 36E0A5CF2D1C47C5006AEC4F /* ChooseTopicModal.swift */; };
		36E0A6072D1C47C5006AEC4F /* FinishedQuizModal.swift in Sources */ = {isa = PBXBuildFile; fileRef = 36E0A5D02D1C47C5006AEC4F /* FinishedQuizModal.swift */; };
		36E0A6082D1C47C5006AEC4F /* QuizCard.swift in Sources */ = {isa = PBXBuildFile; fileRef = 36E0A5D22D1C47C5006AEC4F /* QuizCard.swift */; };
		36E0A6092D1C47C5006AEC4F /* QuizUpdateView.swift in Sources */ = {isa = PBXBuildFile; fileRef = 36E0A5D32D1C47C5006AEC4F /* QuizUpdateView.swift */; };
		36E0A60A2D1C47C5006AEC4F /* QuizViewRow.swift in Sources */ = {isa = PBXBuildFile; fileRef = 36E0A5D42D1C47C5006AEC4F /* QuizViewRow.swift */; };
		36E0A60B2D1C47C5006AEC4F /* TopicCard.swift in Sources */ = {isa = PBXBuildFile; fileRef = 36E0A5D52D1C47C5006AEC4F /* TopicCard.swift */; };
		36E0A60C2D1C47C5006AEC4F /* TopicsViewRow.swift in Sources */ = {isa = PBXBuildFile; fileRef = 36E0A5D62D1C47C5006AEC4F /* TopicsViewRow.swift */; };
		36E0A60D2D1C47C5006AEC4F /* AllTopicsView.swift in Sources */ = {isa = PBXBuildFile; fileRef = 36E0A5D82D1C47C5006AEC4F /* AllTopicsView.swift */; };
		36E0A60E2D1C47C5006AEC4F /* AnswerViewRow.swift in Sources */ = {isa = PBXBuildFile; fileRef = 36E0A5DA2D1C47C5006AEC4F /* AnswerViewRow.swift */; };
		36E0A60F2D1C47C5006AEC4F /* FindQuizViewRow.swift in Sources */ = {isa = PBXBuildFile; fileRef = 36E0A5DB2D1C47C5006AEC4F /* FindQuizViewRow.swift */; };
		36E0A6102D1C47C5006AEC4F /* QuizRectangleView.swift in Sources */ = {isa = PBXBuildFile; fileRef = 36E0A5DC2D1C47C5006AEC4F /* QuizRectangleView.swift */; };
		36E0A6112D1C47C5006AEC4F /* QuizSquareView.swift in Sources */ = {isa = PBXBuildFile; fileRef = 36E0A5DD2D1C47C5006AEC4F /* QuizSquareView.swift */; };
		36E0A6122D1C47C5006AEC4F /* UnfinishedQuizesViewRow.swift in Sources */ = {isa = PBXBuildFile; fileRef = 36E0A5DE2D1C47C5006AEC4F /* UnfinishedQuizesViewRow.swift */; };
		36E0A6132D1C47C5006AEC4F /* EnvironmentValues.swift in Sources */ = {isa = PBXBuildFile; fileRef = 36E0A5E12D1C47C5006AEC4F /* EnvironmentValues.swift */; };
		36E0A6142D1C47C5006AEC4F /* Router.swift in Sources */ = {isa = PBXBuildFile; fileRef = 36E0A5E32D1C47C5006AEC4F /* Router.swift */; };
		36E0A6152D1C47C5006AEC4F /* RouterView.swift in Sources */ = {isa = PBXBuildFile; fileRef = 36E0A5E42D1C47C5006AEC4F /* RouterView.swift */; };
		36E0A6162D1C47C5006AEC4F /* Secrets.swift in Sources */ = {isa = PBXBuildFile; fileRef = 36E0A5E52D1C47C5006AEC4F /* Secrets.swift */; };
		36E0A6172D1C47C5006AEC4F /* SignUpScreen.swift in Sources */ = {isa = PBXBuildFile; fileRef = 36E0A5E62D1C47C5006AEC4F /* SignUpScreen.swift */; };
		36E0A6182D1C47C5006AEC4F /* SplashScreen.swift in Sources */ = {isa = PBXBuildFile; fileRef = 36E0A5E72D1C47C5006AEC4F /* SplashScreen.swift */; };
		36E0A6192D1C47C5006AEC4F /* Rubik-Medium.ttf in Resources */ = {isa = PBXBuildFile; fileRef = 36E0A5B22D1C47C5006AEC4F /* Rubik-Medium.ttf */; };
		36E0A61A2D1C47C5006AEC4F /* Rubik-Regular.ttf in Resources */ = {isa = PBXBuildFile; fileRef = 36E0A5B32D1C47C5006AEC4F /* Rubik-Regular.ttf */; };
		36E0A61B2D1C47C5006AEC4F /* Rubik-SemiBold.ttf in Resources */ = {isa = PBXBuildFile; fileRef = 36E0A5B42D1C47C5006AEC4F /* Rubik-SemiBold.ttf */; };
		36E0A61C2D1C47C5006AEC4F /* Assets.xcassets in Resources */ = {isa = PBXBuildFile; fileRef = 36E0A5B72D1C47C5006AEC4F /* Assets.xcassets */; };
/* End PBXBuildFile section */

/* Begin PBXFileReference section */
		3652A40F2DB436FA001FD2BA /* Extensions+View.swift */ = {isa = PBXFileReference; lastKnownFileType = sourcecode.swift; path = "Extensions+View.swift"; sourceTree = "<group>"; };
		3652A4112DB43743001FD2BA /* ViewModifiers.swift */ = {isa = PBXFileReference; lastKnownFileType = sourcecode.swift; path = ViewModifiers.swift; sourceTree = "<group>"; };
		3652A4132DB43B34001FD2BA /* StreakView.swift */ = {isa = PBXFileReference; lastKnownFileType = sourcecode.swift; path = StreakView.swift; sourceTree = "<group>"; };
		3652A4152DB43DFD001FD2BA /* Extensions+Color.swift */ = {isa = PBXFileReference; lastKnownFileType = sourcecode.swift; path = "Extensions+Color.swift"; sourceTree = "<group>"; };
		3670FF8A2E2EC6000000F67A /* Config.xcconfig */ = {isa = PBXFileReference; lastKnownFileType = text.xcconfig; path = Config.xcconfig; sourceTree = "<group>"; };
		3670FF8C2E300E100000F67A /* QuizManager.swift */ = {isa = PBXFileReference; lastKnownFileType = sourcecode.swift; path = QuizManager.swift; sourceTree = "<group>"; };
		3670FF8E2E300E1A0000F67A /* QuizRepository.swift */ = {isa = PBXFileReference; lastKnownFileType = sourcecode.swift; path = QuizRepository.swift; sourceTree = "<group>"; };
		367BF5CF2D73C0D700F97BA1 /* LetsStartAQuizScreen.swift */ = {isa = PBXFileReference; lastKnownFileType = sourcecode.swift; path = LetsStartAQuizScreen.swift; sourceTree = "<group>"; };
		3680A4082D53D12C008040F7 /* SurveyButton.swift */ = {isa = PBXFileReference; lastKnownFileType = sourcecode.swift; path = SurveyButton.swift; sourceTree = "<group>"; };
		3680A40A2D53DD47008040F7 /* DidYouKnowScreen.swift */ = {isa = PBXFileReference; lastKnownFileType = sourcecode.swift; path = DidYouKnowScreen.swift; sourceTree = "<group>"; };
		3689B6002DB52B75008B3EB2 /* LetsCreateYourProfileScreen.swift */ = {isa = PBXFileReference; lastKnownFileType = sourcecode.swift; path = LetsCreateYourProfileScreen.swift; sourceTree = "<group>"; };
		36A591FA2D1EBE5900972BA2 /* LoadingManager.swift */ = {isa = PBXFileReference; lastKnownFileType = sourcecode.swift; path = LoadingManager.swift; sourceTree = "<group>"; };
		36A592022D1EC81E00972BA2 /* Loading.json */ = {isa = PBXFileReference; lastKnownFileType = text.json; path = Loading.json; sourceTree = "<group>"; };
		36AC71E02CB57C7B002FF37C /* BibleTrivia.app */ = {isa = PBXFileReference; explicitFileType = wrapper.application; includeInIndex = 0; path = BibleTrivia.app; sourceTree = BUILT_PRODUCTS_DIR; };
		36AC722E2CB59358002FF37C /* BibleTriviaApp.swift */ = {isa = PBXFileReference; lastKnownFileType = sourcecode.swift; path = BibleTriviaApp.swift; sourceTree = "<group>"; };
		36B5A74D2D2984F10021F21C /* Errors.swift */ = {isa = PBXFileReference; lastKnownFileType = sourcecode.swift; path = Errors.swift; sourceTree = "<group>"; };
		36B5A7542D2B01DE0021F21C /* AuthManager.swift */ = {isa = PBXFileReference; lastKnownFileType = sourcecode.swift; path = AuthManager.swift; sourceTree = "<group>"; };
		36B5A7562D2B14290021F21C /* UserStreak.swift */ = {isa = PBXFileReference; lastKnownFileType = sourcecode.swift; path = UserStreak.swift; sourceTree = "<group>"; };
		36B5A7592D2B16700021F21C /* StreakManager.swift */ = {isa = PBXFileReference; lastKnownFileType = sourcecode.swift; path = StreakManager.swift; sourceTree = "<group>"; };
		36B5A75B2D32EEF40021F21C /* UserManager.swift */ = {isa = PBXFileReference; lastKnownFileType = sourcecode.swift; path = UserManager.swift; sourceTree = "<group>"; };
		36B5A75D2D35B1270021F21C /* SignInScreen.swift */ = {isa = PBXFileReference; lastKnownFileType = sourcecode.swift; path = SignInScreen.swift; sourceTree = "<group>"; };
		36B5D5F12D3C0E6400D5E732 /* OnboardButton.swift */ = {isa = PBXFileReference; lastKnownFileType = sourcecode.swift; path = OnboardButton.swift; sourceTree = "<group>"; };
		36B5D5F32D3C153C00D5E732 /* OnboardingComponentsView.swift */ = {isa = PBXFileReference; lastKnownFileType = sourcecode.swift; path = OnboardingComponentsView.swift; sourceTree = "<group>"; };
		36B5D5F52D3C177200D5E732 /* ProviderLoginButton.swift */ = {isa = PBXFileReference; lastKnownFileType = sourcecode.swift; path = ProviderLoginButton.swift; sourceTree = "<group>"; };
		36B5D5F72D3C218400D5E732 /* Provider.swift */ = {isa = PBXFileReference; lastKnownFileType = sourcecode.swift; path = Provider.swift; sourceTree = "<group>"; };
		36B5D5FB2D3C2E5F00D5E732 /* OnboardingProcessView.swift */ = {isa = PBXFileReference; lastKnownFileType = sourcecode.swift; path = OnboardingProcessView.swift; sourceTree = "<group>"; };
		36B5D5FD2D3C2F4300D5E732 /* AvatarView.swift */ = {isa = PBXFileReference; lastKnownFileType = sourcecode.swift; path = AvatarView.swift; sourceTree = "<group>"; };
		36B5D5FF2D3C2FC700D5E732 /* BTTextField.swift */ = {isa = PBXFileReference; lastKnownFileType = sourcecode.swift; path = BTTextField.swift; sourceTree = "<group>"; };
		36B5D6012D3C327000D5E732 /* ProgressTimerButton.swift */ = {isa = PBXFileReference; lastKnownFileType = sourcecode.swift; path = ProgressTimerButton.swift; sourceTree = "<group>"; };
		36B5D6032D3C3E5B00D5E732 /* WelcomeView.swift */ = {isa = PBXFileReference; lastKnownFileType = sourcecode.swift; path = WelcomeView.swift; sourceTree = "<group>"; };
		36B5D6052D3C410700D5E732 /* LoginView.swift */ = {isa = PBXFileReference; lastKnownFileType = sourcecode.swift; path = LoginView.swift; sourceTree = "<group>"; };
		36B5D6072D3C472700D5E732 /* CustomNavigationBar.swift */ = {isa = PBXFileReference; lastKnownFileType = sourcecode.swift; path = CustomNavigationBar.swift; sourceTree = "<group>"; };
		36CA40A12D3D3582003B1164 /* AlertManager.swift */ = {isa = PBXFileReference; lastKnownFileType = sourcecode.swift; path = AlertManager.swift; sourceTree = "<group>"; };
		36CA40A32D3D4D80003B1164 /* GetEmailView.swift */ = {isa = PBXFileReference; lastKnownFileType = sourcecode.swift; path = GetEmailView.swift; sourceTree = "<group>"; };
		36CA40A52D3D4EF2003B1164 /* OnboardingManager.swift */ = {isa = PBXFileReference; lastKnownFileType = sourcecode.swift; path = OnboardingManager.swift; sourceTree = "<group>"; };
		36CA40A72D3D5839003B1164 /* SurveyView.swift */ = {isa = PBXFileReference; lastKnownFileType = sourcecode.swift; path = SurveyView.swift; sourceTree = "<group>"; };
		36E0A5A52D1C47C5006AEC4F /* Answer.swift */ = {isa = PBXFileReference; lastKnownFileType = sourcecode.swift; path = Answer.swift; sourceTree = "<group>"; };
		36E0A5A62D1C47C5006AEC4F /* DifficultyLevel.swift */ = {isa = PBXFileReference; lastKnownFileType = sourcecode.swift; path = DifficultyLevel.swift; sourceTree = "<group>"; };
		36E0A5A72D1C47C5006AEC4F /* Question.swift */ = {isa = PBXFileReference; lastKnownFileType = sourcecode.swift; path = Question.swift; sourceTree = "<group>"; };
		36E0A5A82D1C47C5006AEC4F /* Quiz.swift */ = {isa = PBXFileReference; lastKnownFileType = sourcecode.swift; path = Quiz.swift; sourceTree = "<group>"; };
		36E0A5A92D1C47C5006AEC4F /* SectionModel.swift */ = {isa = PBXFileReference; lastKnownFileType = sourcecode.swift; path = SectionModel.swift; sourceTree = "<group>"; };
		36E0A5AA2D1C47C5006AEC4F /* Topic.swift */ = {isa = PBXFileReference; lastKnownFileType = sourcecode.swift; path = Topic.swift; sourceTree = "<group>"; };
		36E0A5AB2D1C47C5006AEC4F /* UserModel.swift */ = {isa = PBXFileReference; lastKnownFileType = sourcecode.swift; path = UserModel.swift; sourceTree = "<group>"; };
		36E0A5AD2D1C47C5006AEC4F /* QuizStore.swift */ = {isa = PBXFileReference; lastKnownFileType = sourcecode.swift; path = QuizStore.swift; sourceTree = "<group>"; };
		36E0A5AE2D1C47C5006AEC4F /* Supabase.swift */ = {isa = PBXFileReference; lastKnownFileType = sourcecode.swift; path = Supabase.swift; sourceTree = "<group>"; };
		36E0A5B02D1C47C5006AEC4F /* FlowLayout.swift */ = {isa = PBXFileReference; lastKnownFileType = sourcecode.swift; path = FlowLayout.swift; sourceTree = "<group>"; };
		36E0A5B22D1C47C5006AEC4F /* Rubik-Medium.ttf */ = {isa = PBXFileReference; lastKnownFileType = file; path = "Rubik-Medium.ttf"; sourceTree = "<group>"; };
		36E0A5B32D1C47C5006AEC4F /* Rubik-Regular.ttf */ = {isa = PBXFileReference; lastKnownFileType = file; path = "Rubik-Regular.ttf"; sourceTree = "<group>"; };
		36E0A5B42D1C47C5006AEC4F /* Rubik-SemiBold.ttf */ = {isa = PBXFileReference; lastKnownFileType = file; path = "Rubik-SemiBold.ttf"; sourceTree = "<group>"; };
		36E0A5B62D1C47C5006AEC4F /* AlertDialog.swift */ = {isa = PBXFileReference; lastKnownFileType = sourcecode.swift; path = AlertDialog.swift; sourceTree = "<group>"; };
		36E0A5B72D1C47C5006AEC4F /* Assets.xcassets */ = {isa = PBXFileReference; lastKnownFileType = folder.assetcatalog; path = Assets.xcassets; sourceTree = "<group>"; };
		36E0A5B82D1C47C5006AEC4F /* Color.swift */ = {isa = PBXFileReference; lastKnownFileType = sourcecode.swift; path = Color.swift; sourceTree = "<group>"; };
		36E0A5B92D1C47C5006AEC4F /* Constants.swift */ = {isa = PBXFileReference; lastKnownFileType = sourcecode.swift; path = Constants.swift; sourceTree = "<group>"; };
		36E0A5BA2D1C47C5006AEC4F /* CustomText.swift */ = {isa = PBXFileReference; lastKnownFileType = sourcecode.swift; path = CustomText.swift; sourceTree = "<group>"; };
		36E0A5BC2D1C47C5006AEC4F /* DummySVM.swift */ = {isa = PBXFileReference; lastKnownFileType = sourcecode.swift; path = DummySVM.swift; sourceTree = "<group>"; };
		36E0A5BF2D1C47C5006AEC4F /* ActionButtons.swift */ = {isa = PBXFileReference; lastKnownFileType = sourcecode.swift; path = ActionButtons.swift; sourceTree = "<group>"; };
		36E0A5C02D1C47C5006AEC4F /* ProgressViews.swift */ = {isa = PBXFileReference; lastKnownFileType = sourcecode.swift; path = ProgressViews.swift; sourceTree = "<group>"; };
		36E0A5C12D1C47C5006AEC4F /* QuizViewToolbar.swift */ = {isa = PBXFileReference; lastKnownFileType = sourcecode.swift; path = QuizViewToolbar.swift; sourceTree = "<group>"; };
		36E0A5C22D1C47C5006AEC4F /* ScoreButton.swift */ = {isa = PBXFileReference; lastKnownFileType = sourcecode.swift; path = ScoreButton.swift; sourceTree = "<group>"; };
		36E0A5C32D1C47C5006AEC4F /* UserAccountCard.swift */ = {isa = PBXFileReference; lastKnownFileType = sourcecode.swift; path = UserAccountCard.swift; sourceTree = "<group>"; };
		36E0A5C52D1C47C5006AEC4F /* AccountView.swift */ = {isa = PBXFileReference; lastKnownFileType = sourcecode.swift; path = AccountView.swift; sourceTree = "<group>"; };
		36E0A5C62D1C47C5006AEC4F /* MyProgressView.swift */ = {isa = PBXFileReference; lastKnownFileType = sourcecode.swift; path = MyProgressView.swift; sourceTree = "<group>"; };
		36E0A5C82D1C47C5006AEC4F /* HomeView.swift */ = {isa = PBXFileReference; lastKnownFileType = sourcecode.swift; path = HomeView.swift; sourceTree = "<group>"; };
		36E0A5C92D1C47C5006AEC4F /* HomeViewTabBar.swift */ = {isa = PBXFileReference; lastKnownFileType = sourcecode.swift; path = HomeViewTabBar.swift; sourceTree = "<group>"; };
		36E0A5CA2D1C47C5006AEC4F /* PlayView.swift */ = {isa = PBXFileReference; lastKnownFileType = sourcecode.swift; path = PlayView.swift; sourceTree = "<group>"; };
		36E0A5CB2D1C47C5006AEC4F /* QuizView.swift */ = {isa = PBXFileReference; lastKnownFileType = sourcecode.swift; path = QuizView.swift; sourceTree = "<group>"; };
		36E0A5CC2D1C47C5006AEC4F /* TopicsView.swift */ = {isa = PBXFileReference; lastKnownFileType = sourcecode.swift; path = TopicsView.swift; sourceTree = "<group>"; };
		36E0A5CE2D1C47C5006AEC4F /* ChooseQuizModal.swift */ = {isa = PBXFileReference; lastKnownFileType = sourcecode.swift; path = ChooseQuizModal.swift; sourceTree = "<group>"; };
		36E0A5CF2D1C47C5006AEC4F /* ChooseTopicModal.swift */ = {isa = PBXFileReference; lastKnownFileType = sourcecode.swift; path = ChooseTopicModal.swift; sourceTree = "<group>"; };
		36E0A5D02D1C47C5006AEC4F /* FinishedQuizModal.swift */ = {isa = PBXFileReference; lastKnownFileType = sourcecode.swift; path = FinishedQuizModal.swift; sourceTree = "<group>"; };
		36E0A5D22D1C47C5006AEC4F /* QuizCard.swift */ = {isa = PBXFileReference; lastKnownFileType = sourcecode.swift; path = QuizCard.swift; sourceTree = "<group>"; };
		36E0A5D32D1C47C5006AEC4F /* QuizUpdateView.swift */ = {isa = PBXFileReference; lastKnownFileType = sourcecode.swift; path = QuizUpdateView.swift; sourceTree = "<group>"; };
		36E0A5D42D1C47C5006AEC4F /* QuizViewRow.swift */ = {isa = PBXFileReference; lastKnownFileType = sourcecode.swift; path = QuizViewRow.swift; sourceTree = "<group>"; };
		36E0A5D52D1C47C5006AEC4F /* TopicCard.swift */ = {isa = PBXFileReference; lastKnownFileType = sourcecode.swift; path = TopicCard.swift; sourceTree = "<group>"; };
		36E0A5D62D1C47C5006AEC4F /* TopicsViewRow.swift */ = {isa = PBXFileReference; lastKnownFileType = sourcecode.swift; path = TopicsViewRow.swift; sourceTree = "<group>"; };
		36E0A5D82D1C47C5006AEC4F /* AllTopicsView.swift */ = {isa = PBXFileReference; lastKnownFileType = sourcecode.swift; path = AllTopicsView.swift; sourceTree = "<group>"; };
		36E0A5DA2D1C47C5006AEC4F /* AnswerViewRow.swift */ = {isa = PBXFileReference; lastKnownFileType = sourcecode.swift; path = AnswerViewRow.swift; sourceTree = "<group>"; };
		36E0A5DB2D1C47C5006AEC4F /* FindQuizViewRow.swift */ = {isa = PBXFileReference; lastKnownFileType = sourcecode.swift; path = FindQuizViewRow.swift; sourceTree = "<group>"; };
		36E0A5DC2D1C47C5006AEC4F /* QuizRectangleView.swift */ = {isa = PBXFileReference; lastKnownFileType = sourcecode.swift; path = QuizRectangleView.swift; sourceTree = "<group>"; };
		36E0A5DD2D1C47C5006AEC4F /* QuizSquareView.swift */ = {isa = PBXFileReference; lastKnownFileType = sourcecode.swift; path = QuizSquareView.swift; sourceTree = "<group>"; };
		36E0A5DE2D1C47C5006AEC4F /* UnfinishedQuizesViewRow.swift */ = {isa = PBXFileReference; lastKnownFileType = sourcecode.swift; path = UnfinishedQuizesViewRow.swift; sourceTree = "<group>"; };
		36E0A5E12D1C47C5006AEC4F /* EnvironmentValues.swift */ = {isa = PBXFileReference; lastKnownFileType = sourcecode.swift; path = EnvironmentValues.swift; sourceTree = "<group>"; };
		36E0A5E22D1C47C5006AEC4F /* Info.plist */ = {isa = PBXFileReference; lastKnownFileType = text.plist.xml; path = Info.plist; sourceTree = "<group>"; };
		36E0A5E32D1C47C5006AEC4F /* Router.swift */ = {isa = PBXFileReference; lastKnownFileType = sourcecode.swift; path = Router.swift; sourceTree = "<group>"; };
		36E0A5E42D1C47C5006AEC4F /* RouterView.swift */ = {isa = PBXFileReference; lastKnownFileType = sourcecode.swift; path = RouterView.swift; sourceTree = "<group>"; };
		36E0A5E52D1C47C5006AEC4F /* Secrets.swift */ = {isa = PBXFileReference; lastKnownFileType = sourcecode.swift; path = Secrets.swift; sourceTree = "<group>"; };
		36E0A5E62D1C47C5006AEC4F /* SignUpScreen.swift */ = {isa = PBXFileReference; lastKnownFileType = sourcecode.swift; path = SignUpScreen.swift; sourceTree = "<group>"; };
		36E0A5E72D1C47C5006AEC4F /* SplashScreen.swift */ = {isa = PBXFileReference; lastKnownFileType = sourcecode.swift; path = SplashScreen.swift; sourceTree = "<group>"; };
/* End PBXFileReference section */

/* Begin PBXFrameworksBuildPhase section */
		36AC71DD2CB57C7B002FF37C /* Frameworks */ = {
			isa = PBXFrameworksBuildPhase;
			buildActionMask = 2147483647;
			files = (
				36A651352D184E220065AE7C /* Supabase in Frameworks */,
				36A651332D184E220065AE7C /* Storage in Frameworks */,
				36A651312D184E220065AE7C /* Realtime in Frameworks */,
				36A6512F2D184E220065AE7C /* Functions in Frameworks */,
				36A6512D2D184E220065AE7C /* Auth in Frameworks */,
				36A592012D1EC62C00972BA2 /* Lottie in Frameworks */,
			);
			runOnlyForDeploymentPostprocessing = 0;
		};
/* End PBXFrameworksBuildPhase section */

/* Begin PBXGroup section */
		3652A40E2DB436EB001FD2BA /* Extensions */ = {
			isa = PBXGroup;
			children = (
				3652A40F2DB436FA001FD2BA /* Extensions+View.swift */,
				3652A4152DB43DFD001FD2BA /* Extensions+Color.swift */,
				3652A4112DB43743001FD2BA /* ViewModifiers.swift */,
			);
			path = Extensions;
			sourceTree = "<group>";
		};
		36A591FE2D1EC51900972BA2 /* Lotties */ = {
			isa = PBXGroup;
			children = (
				36A592022D1EC81E00972BA2 /* Loading.json */,
			);
			path = Lotties;
			sourceTree = "<group>";
		};
		36AC71D72CB57C7B002FF37C = {
			isa = PBXGroup;
			children = (
				3670FF8A2E2EC6000000F67A /* Config.xcconfig */,
				36AC722E2CB59358002FF37C /* BibleTriviaApp.swift */,
				36E0A5E32D1C47C5006AEC4F /* Router.swift */,
				36E0A5E42D1C47C5006AEC4F /* RouterView.swift */,
				36E0A5E12D1C47C5006AEC4F /* EnvironmentValues.swift */,
				36B5D6072D3C472700D5E732 /* CustomNavigationBar.swift */,
				36E0A5E82D1C47C5006AEC4F /* BibleTrivia */,
				36AC71E12CB57C7B002FF37C /* Products */,
			);
			sourceTree = "<group>";
		};
		36AC71E12CB57C7B002FF37C /* Products */ = {
			isa = PBXGroup;
			children = (
				36AC71E02CB57C7B002FF37C /* BibleTrivia.app */,
			);
			name = Products;
			sourceTree = "<group>";
		};
		36B5A7582D2B14B00021F21C /* User */ = {
			isa = PBXGroup;
			children = (
				36E0A5AB2D1C47C5006AEC4F /* UserModel.swift */,
				36B5A7562D2B14290021F21C /* UserStreak.swift */,
			);
			path = User;
			sourceTree = "<group>";
		};
		36B5D5EF2D3C0D7D00D5E732 /* Onboarding  */ = {
			isa = PBXGroup;
			children = (
				36B5D6032D3C3E5B00D5E732 /* WelcomeView.swift */,
				36B5D6052D3C410700D5E732 /* LoginView.swift */,
				36CA40A32D3D4D80003B1164 /* GetEmailView.swift */,
				36CA40A72D3D5839003B1164 /* SurveyView.swift */,
				3680A40A2D53DD47008040F7 /* DidYouKnowScreen.swift */,
				367BF5CF2D73C0D700F97BA1 /* LetsStartAQuizScreen.swift */,
				3652A4132DB43B34001FD2BA /* StreakView.swift */,
				3689B6002DB52B75008B3EB2 /* LetsCreateYourProfileScreen.swift */,
				36B5D5F02D3C0D8900D5E732 /* Componnents */,
			);
			path = "Onboarding ";
			sourceTree = "<group>";
		};
		36B5D5F02D3C0D8900D5E732 /* Componnents */ = {
			isa = PBXGroup;
			children = (
				36B5D5F12D3C0E6400D5E732 /* OnboardButton.swift */,
				36B5D5F32D3C153C00D5E732 /* OnboardingComponentsView.swift */,
				36B5D5F52D3C177200D5E732 /* ProviderLoginButton.swift */,
				36B5D5FB2D3C2E5F00D5E732 /* OnboardingProcessView.swift */,
				36B5D5FD2D3C2F4300D5E732 /* AvatarView.swift */,
				36B5D5FF2D3C2FC700D5E732 /* BTTextField.swift */,
				36B5D6012D3C327000D5E732 /* ProgressTimerButton.swift */,
				3680A4082D53D12C008040F7 /* SurveyButton.swift */,
			);
			path = Componnents;
			sourceTree = "<group>";
		};
		36E0A5AC2D1C47C5006AEC4F /* Model */ = {
			isa = PBXGroup;
			children = (
				36E0A5A52D1C47C5006AEC4F /* Answer.swift */,
				36E0A5A62D1C47C5006AEC4F /* DifficultyLevel.swift */,
				36E0A5A72D1C47C5006AEC4F /* Question.swift */,
				36E0A5A82D1C47C5006AEC4F /* Quiz.swift */,
				36E0A5A92D1C47C5006AEC4F /* SectionModel.swift */,
				36B5A74D2D2984F10021F21C /* Errors.swift */,
				36E0A5AA2D1C47C5006AEC4F /* Topic.swift */,
				36B5D5F72D3C218400D5E732 /* Provider.swift */,
				36B5A7582D2B14B00021F21C /* User */,
			);
			path = Model;
			sourceTree = "<group>";
		};
		36E0A5AF2D1C47C5006AEC4F /* Services */ = {
			isa = PBXGroup;
			children = (
				36E0A5E52D1C47C5006AEC4F /* Secrets.swift */,
				36E0A5AD2D1C47C5006AEC4F /* QuizStore.swift */,
				3670FF8E2E300E1A0000F67A /* QuizRepository.swift */,
				3670FF8C2E300E100000F67A /* QuizManager.swift */,
				36E0A5AE2D1C47C5006AEC4F /* Supabase.swift */,
				36B5A7542D2B01DE0021F21C /* AuthManager.swift */,
				36B5A7592D2B16700021F21C /* StreakManager.swift */,
				36A591FA2D1EBE5900972BA2 /* LoadingManager.swift */,
				36B5A75B2D32EEF40021F21C /* UserManager.swift */,
				36CA40A12D3D3582003B1164 /* AlertManager.swift */,
				36CA40A52D3D4EF2003B1164 /* OnboardingManager.swift */,
			);
			path = Services;
			sourceTree = "<group>";
		};
		36E0A5B12D1C47C5006AEC4F /* CustomViews */ = {
			isa = PBXGroup;
			children = (
				36E0A5B02D1C47C5006AEC4F /* FlowLayout.swift */,
			);
			path = CustomViews;
			sourceTree = "<group>";
		};
		36E0A5B52D1C47C5006AEC4F /* Fonts */ = {
			isa = PBXGroup;
			children = (
				36E0A5B22D1C47C5006AEC4F /* Rubik-Medium.ttf */,
				36E0A5B32D1C47C5006AEC4F /* Rubik-Regular.ttf */,
				36E0A5B42D1C47C5006AEC4F /* Rubik-SemiBold.ttf */,
			);
			path = Fonts;
			sourceTree = "<group>";
		};
		36E0A5BB2D1C47C5006AEC4F /* Supporting Files */ = {
			isa = PBXGroup;
			children = (
				36E0A5B12D1C47C5006AEC4F /* CustomViews */,
				36E0A5B52D1C47C5006AEC4F /* Fonts */,
				36A591FE2D1EC51900972BA2 /* Lotties */,
				36E0A5B62D1C47C5006AEC4F /* AlertDialog.swift */,
				36E0A5B72D1C47C5006AEC4F /* Assets.xcassets */,
				36E0A5B82D1C47C5006AEC4F /* Color.swift */,
				36E0A5B92D1C47C5006AEC4F /* Constants.swift */,
				36E0A5BA2D1C47C5006AEC4F /* CustomText.swift */,
			);
			path = "Supporting Files";
			sourceTree = "<group>";
		};
		36E0A5BE2D1C47C5006AEC4F /* ViewModels */ = {
			isa = PBXGroup;
			children = (
				36E0A5BC2D1C47C5006AEC4F /* DummySVM.swift */,
			);
			path = ViewModels;
			sourceTree = "<group>";
		};
		36E0A5C42D1C47C5006AEC4F /* Components */ = {
			isa = PBXGroup;
			children = (
				36E0A5BF2D1C47C5006AEC4F /* ActionButtons.swift */,
				36E0A5C02D1C47C5006AEC4F /* ProgressViews.swift */,
				36E0A5C12D1C47C5006AEC4F /* QuizViewToolbar.swift */,
				36E0A5C22D1C47C5006AEC4F /* ScoreButton.swift */,
				36E0A5C32D1C47C5006AEC4F /* UserAccountCard.swift */,
			);
			path = Components;
			sourceTree = "<group>";
		};
		36E0A5C72D1C47C5006AEC4F /* Account */ = {
			isa = PBXGroup;
			children = (
				36E0A5C52D1C47C5006AEC4F /* AccountView.swift */,
				36E0A5C62D1C47C5006AEC4F /* MyProgressView.swift */,
			);
			path = Account;
			sourceTree = "<group>";
		};
		36E0A5CD2D1C47C5006AEC4F /* Home Views */ = {
			isa = PBXGroup;
			children = (
				36E0A5C72D1C47C5006AEC4F /* Account */,
				36E0A5C82D1C47C5006AEC4F /* HomeView.swift */,
				36E0A5C92D1C47C5006AEC4F /* HomeViewTabBar.swift */,
				36E0A5CA2D1C47C5006AEC4F /* PlayView.swift */,
				36E0A5CB2D1C47C5006AEC4F /* QuizView.swift */,
				36E0A5CC2D1C47C5006AEC4F /* TopicsView.swift */,
			);
			path = "Home Views";
			sourceTree = "<group>";
		};
		36E0A5D12D1C47C5006AEC4F /* Modals */ = {
			isa = PBXGroup;
			children = (
				36E0A5CE2D1C47C5006AEC4F /* ChooseQuizModal.swift */,
				36E0A5CF2D1C47C5006AEC4F /* ChooseTopicModal.swift */,
				36E0A5D02D1C47C5006AEC4F /* FinishedQuizModal.swift */,
			);
			path = Modals;
			sourceTree = "<group>";
		};
		36E0A5D72D1C47C5006AEC4F /* PlayViews */ = {
			isa = PBXGroup;
			children = (
				36E0A5D22D1C47C5006AEC4F /* QuizCard.swift */,
				36E0A5D32D1C47C5006AEC4F /* QuizUpdateView.swift */,
				36E0A5D42D1C47C5006AEC4F /* QuizViewRow.swift */,
				36E0A5D52D1C47C5006AEC4F /* TopicCard.swift */,
				36E0A5D62D1C47C5006AEC4F /* TopicsViewRow.swift */,
			);
			path = PlayViews;
			sourceTree = "<group>";
		};
		36E0A5D92D1C47C5006AEC4F /* TopicViews */ = {
			isa = PBXGroup;
			children = (
				36E0A5D82D1C47C5006AEC4F /* AllTopicsView.swift */,
			);
			path = TopicViews;
			sourceTree = "<group>";
		};
		36E0A5DF2D1C47C5006AEC4F /* ViewRows */ = {
			isa = PBXGroup;
			children = (
				36E0A5DA2D1C47C5006AEC4F /* AnswerViewRow.swift */,
				36E0A5DB2D1C47C5006AEC4F /* FindQuizViewRow.swift */,
				36E0A5DC2D1C47C5006AEC4F /* QuizRectangleView.swift */,
				36E0A5DD2D1C47C5006AEC4F /* QuizSquareView.swift */,
				36E0A5DE2D1C47C5006AEC4F /* UnfinishedQuizesViewRow.swift */,
			);
			path = ViewRows;
			sourceTree = "<group>";
		};
		36E0A5E02D1C47C5006AEC4F /* Views */ = {
			isa = PBXGroup;
			children = (
				36E0A5C42D1C47C5006AEC4F /* Components */,
				36E0A5CD2D1C47C5006AEC4F /* Home Views */,
				36E0A5D12D1C47C5006AEC4F /* Modals */,
				36E0A5D72D1C47C5006AEC4F /* PlayViews */,
				36E0A5D92D1C47C5006AEC4F /* TopicViews */,
				36E0A5DF2D1C47C5006AEC4F /* ViewRows */,
				36B5D5EF2D3C0D7D00D5E732 /* Onboarding  */,
			);
			path = Views;
			sourceTree = "<group>";
		};
		36E0A5E82D1C47C5006AEC4F /* BibleTrivia */ = {
			isa = PBXGroup;
			children = (
				36E0A5E22D1C47C5006AEC4F /* Info.plist */,
				36E0A5AC2D1C47C5006AEC4F /* Model */,
				36E0A5AF2D1C47C5006AEC4F /* Services */,
				36E0A5BE2D1C47C5006AEC4F /* ViewModels */,
				36E0A5E02D1C47C5006AEC4F /* Views */,
				36E0A5E62D1C47C5006AEC4F /* SignUpScreen.swift */,
				36B5A75D2D35B1270021F21C /* SignInScreen.swift */,
				36E0A5E72D1C47C5006AEC4F /* SplashScreen.swift */,
				3652A40E2DB436EB001FD2BA /* Extensions */,
				36E0A5BB2D1C47C5006AEC4F /* Supporting Files */,
			);
			path = BibleTrivia;
			sourceTree = "<group>";
		};
/* End PBXGroup section */

/* Begin PBXNativeTarget section */
		36AC71DF2CB57C7B002FF37C /* BibleTrivia */ = {
			isa = PBXNativeTarget;
			buildConfigurationList = 36AC71EE2CB57C7C002FF37C /* Build configuration list for PBXNativeTarget "BibleTrivia" */;
			buildPhases = (
				36AC71DC2CB57C7B002FF37C /* Sources */,
				36AC71DD2CB57C7B002FF37C /* Frameworks */,
				36AC71DE2CB57C7B002FF37C /* Resources */,
			);
			buildRules = (
			);
			dependencies = (
			);
			name = BibleTrivia;
			packageProductDependencies = (
				36A6512C2D184E220065AE7C /* Auth */,
				36A6512E2D184E220065AE7C /* Functions */,
				36A651302D184E220065AE7C /* Realtime */,
				36A651322D184E220065AE7C /* Storage */,
				36A651342D184E220065AE7C /* Supabase */,
				36A592002D1EC62C00972BA2 /* Lottie */,
			);
			productName = BibleTrivia;
			productReference = 36AC71E02CB57C7B002FF37C /* BibleTrivia.app */;
			productType = "com.apple.product-type.application";
		};
/* End PBXNativeTarget section */

/* Begin PBXProject section */
		36AC71D82CB57C7B002FF37C /* Project object */ = {
			isa = PBXProject;
			attributes = {
				BuildIndependentTargetsInParallel = 1;
				LastSwiftUpdateCheck = 1600;
				LastUpgradeCheck = 1600;
				TargetAttributes = {
					36AC71DF2CB57C7B002FF37C = {
						CreatedOnToolsVersion = 16.0;
					};
				};
			};
			buildConfigurationList = 36AC71DB2CB57C7B002FF37C /* Build configuration list for PBXProject "BibleTrivia" */;
			developmentRegion = en;
			hasScannedForEncodings = 0;
			knownRegions = (
				en,
				Base,
			);
			mainGroup = 36AC71D72CB57C7B002FF37C;
			minimizedProjectReferenceProxies = 1;
			packageReferences = (
				36A6512B2D184E220065AE7C /* XCRemoteSwiftPackageReference "supabase-swift" */,
				36A591FF2D1EC62C00972BA2 /* XCRemoteSwiftPackageReference "lottie-ios" */,
			);
			preferredProjectObjectVersion = 77;
			productRefGroup = 36AC71E12CB57C7B002FF37C /* Products */;
			projectDirPath = "";
			projectRoot = "";
			targets = (
				36AC71DF2CB57C7B002FF37C /* BibleTrivia */,
			);
		};
/* End PBXProject section */

/* Begin PBXResourcesBuildPhase section */
		36AC71DE2CB57C7B002FF37C /* Resources */ = {
			isa = PBXResourcesBuildPhase;
			buildActionMask = 2147483647;
			files = (
				36E0A6192D1C47C5006AEC4F /* Rubik-Medium.ttf in Resources */,
				36E0A61A2D1C47C5006AEC4F /* Rubik-Regular.ttf in Resources */,
				36A592032D1EC81E00972BA2 /* Loading.json in Resources */,
				36E0A61B2D1C47C5006AEC4F /* Rubik-SemiBold.ttf in Resources */,
				3670FF8B2E2EC6000000F67A /* Config.xcconfig in Resources */,
				36E0A61C2D1C47C5006AEC4F /* Assets.xcassets in Resources */,
			);
			runOnlyForDeploymentPostprocessing = 0;
		};
/* End PBXResourcesBuildPhase section */

/* Begin PBXSourcesBuildPhase section */
		36AC71DC2CB57C7B002FF37C /* Sources */ = {
			isa = PBXSourcesBuildPhase;
			buildActionMask = 2147483647;
			files = (
				3652A4142DB43B35001FD2BA /* StreakView.swift in Sources */,
				36B5D6082D3C472700D5E732 /* CustomNavigationBar.swift in Sources */,
				36AC72372CB59358002FF37C /* BibleTriviaApp.swift in Sources */,
				36E0A5E92D1C47C5006AEC4F /* Answer.swift in Sources */,
				36E0A5EA2D1C47C5006AEC4F /* DifficultyLevel.swift in Sources */,
				36E0A5EB2D1C47C5006AEC4F /* Question.swift in Sources */,
				36E0A5EC2D1C47C5006AEC4F /* Quiz.swift in Sources */,
				36E0A5ED2D1C47C5006AEC4F /* SectionModel.swift in Sources */,
				36E0A5EE2D1C47C5006AEC4F /* Topic.swift in Sources */,
				3652A4162DB43DFD001FD2BA /* Extensions+Color.swift in Sources */,
				36B5A7552D2B01DE0021F21C /* AuthManager.swift in Sources */,
				36B5A75E2D35B1270021F21C /* SignInScreen.swift in Sources */,
				36E0A5EF2D1C47C5006AEC4F /* UserModel.swift in Sources */,
				36E0A5F02D1C47C5006AEC4F /* QuizStore.swift in Sources */,
				36E0A5F12D1C47C5006AEC4F /* Supabase.swift in Sources */,
				36E0A5F22D1C47C5006AEC4F /* FlowLayout.swift in Sources */,
				36E0A5F32D1C47C5006AEC4F /* AlertDialog.swift in Sources */,
				36E0A5F42D1C47C5006AEC4F /* Color.swift in Sources */,
				36E0A5F52D1C47C5006AEC4F /* Constants.swift in Sources */,
				36E0A5F62D1C47C5006AEC4F /* CustomText.swift in Sources */,
				36B5D5F42D3C153C00D5E732 /* OnboardingComponentsView.swift in Sources */,
				3670FF8D2E300E100000F67A /* QuizManager.swift in Sources */,
				36E0A5F72D1C47C5006AEC4F /* DummySVM.swift in Sources */,
				36B5D6042D3C3E5B00D5E732 /* WelcomeView.swift in Sources */,
				3670FF8F2E300E1A0000F67A /* QuizRepository.swift in Sources */,
				36E0A5F92D1C47C5006AEC4F /* ActionButtons.swift in Sources */,
				36B5A75C2D32EEF40021F21C /* UserManager.swift in Sources */,
				36E0A5FA2D1C47C5006AEC4F /* ProgressViews.swift in Sources */,
				36B5D6062D3C410700D5E732 /* LoginView.swift in Sources */,
				36E0A5FB2D1C47C5006AEC4F /* QuizViewToolbar.swift in Sources */,
				36B5A7572D2B14290021F21C /* UserStreak.swift in Sources */,
				36E0A5FC2D1C47C5006AEC4F /* ScoreButton.swift in Sources */,
				36CA40A82D3D5839003B1164 /* SurveyView.swift in Sources */,
				36E0A5FD2D1C47C5006AEC4F /* UserAccountCard.swift in Sources */,
				36E0A5FE2D1C47C5006AEC4F /* AccountView.swift in Sources */,
				36E0A5FF2D1C47C5006AEC4F /* MyProgressView.swift in Sources */,
				36B5D5F62D3C177200D5E732 /* ProviderLoginButton.swift in Sources */,
				36E0A6002D1C47C5006AEC4F /* HomeView.swift in Sources */,
				36E0A6012D1C47C5006AEC4F /* HomeViewTabBar.swift in Sources */,
				36CA40A22D3D3582003B1164 /* AlertManager.swift in Sources */,
				36E0A6022D1C47C5006AEC4F /* PlayView.swift in Sources */,
				36CA40A42D3D4D80003B1164 /* GetEmailView.swift in Sources */,
				36E0A6032D1C47C5006AEC4F /* QuizView.swift in Sources */,
				3680A4092D53D12C008040F7 /* SurveyButton.swift in Sources */,
				36E0A6042D1C47C5006AEC4F /* TopicsView.swift in Sources */,
				36E0A6052D1C47C5006AEC4F /* ChooseQuizModal.swift in Sources */,
				36A591FB2D1EBE5900972BA2 /* LoadingManager.swift in Sources */,
				36E0A6062D1C47C5006AEC4F /* ChooseTopicModal.swift in Sources */,
				36B5D5F22D3C0E6400D5E732 /* OnboardButton.swift in Sources */,
				36E0A6072D1C47C5006AEC4F /* FinishedQuizModal.swift in Sources */,
				36E0A6082D1C47C5006AEC4F /* QuizCard.swift in Sources */,
				36E0A6092D1C47C5006AEC4F /* QuizUpdateView.swift in Sources */,
				36E0A60A2D1C47C5006AEC4F /* QuizViewRow.swift in Sources */,
				36E0A60B2D1C47C5006AEC4F /* TopicCard.swift in Sources */,
				36E0A60C2D1C47C5006AEC4F /* TopicsViewRow.swift in Sources */,
				36E0A60D2D1C47C5006AEC4F /* AllTopicsView.swift in Sources */,
				36B5D5F82D3C218400D5E732 /* Provider.swift in Sources */,
				3689B6012DB52B75008B3EB2 /* LetsCreateYourProfileScreen.swift in Sources */,
				36B5A74E2D2984F10021F21C /* Errors.swift in Sources */,
				3680A40B2D53DD47008040F7 /* DidYouKnowScreen.swift in Sources */,
				36E0A60E2D1C47C5006AEC4F /* AnswerViewRow.swift in Sources */,
				367BF5D02D73C0D700F97BA1 /* LetsStartAQuizScreen.swift in Sources */,
				36B5A75A2D2B16700021F21C /* StreakManager.swift in Sources */,
				36B5D6022D3C327000D5E732 /* ProgressTimerButton.swift in Sources */,
				36B5D5FE2D3C2F4300D5E732 /* AvatarView.swift in Sources */,
				3652A4122DB43743001FD2BA /* ViewModifiers.swift in Sources */,
				36E0A60F2D1C47C5006AEC4F /* FindQuizViewRow.swift in Sources */,
				36E0A6102D1C47C5006AEC4F /* QuizRectangleView.swift in Sources */,
				36E0A6112D1C47C5006AEC4F /* QuizSquareView.swift in Sources */,
				36E0A6122D1C47C5006AEC4F /* UnfinishedQuizesViewRow.swift in Sources */,
				36E0A6132D1C47C5006AEC4F /* EnvironmentValues.swift in Sources */,
				36E0A6142D1C47C5006AEC4F /* Router.swift in Sources */,
				36B5D5FC2D3C2E5F00D5E732 /* OnboardingProcessView.swift in Sources */,
				36B5D6002D3C2FC700D5E732 /* BTTextField.swift in Sources */,
				36E0A6152D1C47C5006AEC4F /* RouterView.swift in Sources */,
				36E0A6162D1C47C5006AEC4F /* Secrets.swift in Sources */,
				36CA40A62D3D4EF2003B1164 /* OnboardingManager.swift in Sources */,
				36E0A6172D1C47C5006AEC4F /* SignUpScreen.swift in Sources */,
				3652A4102DB436FA001FD2BA /* Extensions+View.swift in Sources */,
				36E0A6182D1C47C5006AEC4F /* SplashScreen.swift in Sources */,
			);
			runOnlyForDeploymentPostprocessing = 0;
		};
/* End PBXSourcesBuildPhase section */

/* Begin XCBuildConfiguration section */
		36AC71EC2CB57C7C002FF37C /* Debug */ = {
			isa = XCBuildConfiguration;
			baseConfigurationReference = 3670FF8A2E2EC6000000F67A /* Config.xcconfig */;
			buildSettings = {
				ALWAYS_SEARCH_USER_PATHS = NO;
				ASSETCATALOG_COMPILER_GENERATE_SWIFT_ASSET_SYMBOL_EXTENSIONS = YES;
				CLANG_ANALYZER_NONNULL = YES;
				CLANG_ANALYZER_NUMBER_OBJECT_CONVERSION = YES_AGGRESSIVE;
				CLANG_CXX_LANGUAGE_STANDARD = "gnu++20";
				CLANG_ENABLE_MODULES = YES;
				CLANG_ENABLE_OBJC_ARC = YES;
				CLANG_ENABLE_OBJC_WEAK = YES;
				CLANG_WARN_BLOCK_CAPTURE_AUTORELEASING = YES;
				CLANG_WARN_BOOL_CONVERSION = YES;
				CLANG_WARN_COMMA = YES;
				CLANG_WARN_CONSTANT_CONVERSION = YES;
				CLANG_WARN_DEPRECATED_OBJC_IMPLEMENTATIONS = YES;
				CLANG_WARN_DIRECT_OBJC_ISA_USAGE = YES_ERROR;
				CLANG_WARN_DOCUMENTATION_COMMENTS = YES;
				CLANG_WARN_EMPTY_BODY = YES;
				CLANG_WARN_ENUM_CONVERSION = YES;
				CLANG_WARN_INFINITE_RECURSION = YES;
				CLANG_WARN_INT_CONVERSION = YES;
				CLANG_WARN_NON_LITERAL_NULL_CONVERSION = YES;
				CLANG_WARN_OBJC_IMPLICIT_RETAIN_SELF = YES;
				CLANG_WARN_OBJC_LITERAL_CONVERSION = YES;
				CLANG_WARN_OBJC_ROOT_CLASS = YES_ERROR;
				CLANG_WARN_QUOTED_INCLUDE_IN_FRAMEWORK_HEADER = YES;
				CLANG_WARN_RANGE_LOOP_ANALYSIS = YES;
				CLANG_WARN_STRICT_PROTOTYPES = YES;
				CLANG_WARN_SUSPICIOUS_MOVE = YES;
				CLANG_WARN_UNGUARDED_AVAILABILITY = YES_AGGRESSIVE;
				CLANG_WARN_UNREACHABLE_CODE = YES;
				CLANG_WARN__DUPLICATE_METHOD_MATCH = YES;
				COPY_PHASE_STRIP = NO;
				DEBUG_INFORMATION_FORMAT = dwarf;
				ENABLE_STRICT_OBJC_MSGSEND = YES;
				ENABLE_TESTABILITY = YES;
				ENABLE_USER_SCRIPT_SANDBOXING = YES;
				GCC_C_LANGUAGE_STANDARD = gnu17;
				GCC_DYNAMIC_NO_PIC = NO;
				GCC_NO_COMMON_BLOCKS = YES;
				GCC_OPTIMIZATION_LEVEL = 0;
				GCC_PREPROCESSOR_DEFINITIONS = (
					"DEBUG=1",
					"$(inherited)",
				);
				GCC_WARN_64_TO_32_BIT_CONVERSION = YES;
				GCC_WARN_ABOUT_RETURN_TYPE = YES_ERROR;
				GCC_WARN_UNDECLARED_SELECTOR = YES;
				GCC_WARN_UNINITIALIZED_AUTOS = YES_AGGRESSIVE;
				GCC_WARN_UNUSED_FUNCTION = YES;
				GCC_WARN_UNUSED_VARIABLE = YES;
				IPHONEOS_DEPLOYMENT_TARGET = 18.0;
				LOCALIZATION_PREFERS_STRING_CATALOGS = YES;
				MTL_ENABLE_DEBUG_INFO = INCLUDE_SOURCE;
				MTL_FAST_MATH = YES;
				ONLY_ACTIVE_ARCH = YES;
				SDKROOT = iphoneos;
				SWIFT_ACTIVE_COMPILATION_CONDITIONS = "DEBUG $(inherited)";
				SWIFT_OPTIMIZATION_LEVEL = "-Onone";
			};
			name = Debug;
		};
		36AC71ED2CB57C7C002FF37C /* Release */ = {
			isa = XCBuildConfiguration;
			baseConfigurationReference = 3670FF8A2E2EC6000000F67A /* Config.xcconfig */;
			buildSettings = {
				ALWAYS_SEARCH_USER_PATHS = NO;
				ASSETCATALOG_COMPILER_GENERATE_SWIFT_ASSET_SYMBOL_EXTENSIONS = YES;
				CLANG_ANALYZER_NONNULL = YES;
				CLANG_ANALYZER_NUMBER_OBJECT_CONVERSION = YES_AGGRESSIVE;
				CLANG_CXX_LANGUAGE_STANDARD = "gnu++20";
				CLANG_ENABLE_MODULES = YES;
				CLANG_ENABLE_OBJC_ARC = YES;
				CLANG_ENABLE_OBJC_WEAK = YES;
				CLANG_WARN_BLOCK_CAPTURE_AUTORELEASING = YES;
				CLANG_WARN_BOOL_CONVERSION = YES;
				CLANG_WARN_COMMA = YES;
				CLANG_WARN_CONSTANT_CONVERSION = YES;
				CLANG_WARN_DEPRECATED_OBJC_IMPLEMENTATIONS = YES;
				CLANG_WARN_DIRECT_OBJC_ISA_USAGE = YES_ERROR;
				CLANG_WARN_DOCUMENTATION_COMMENTS = YES;
				CLANG_WARN_EMPTY_BODY = YES;
				CLANG_WARN_ENUM_CONVERSION = YES;
				CLANG_WARN_INFINITE_RECURSION = YES;
				CLANG_WARN_INT_CONVERSION = YES;
				CLANG_WARN_NON_LITERAL_NULL_CONVERSION = YES;
				CLANG_WARN_OBJC_IMPLICIT_RETAIN_SELF = YES;
				CLANG_WARN_OBJC_LITERAL_CONVERSION = YES;
				CLANG_WARN_OBJC_ROOT_CLASS = YES_ERROR;
				CLANG_WARN_QUOTED_INCLUDE_IN_FRAMEWORK_HEADER = YES;
				CLANG_WARN_RANGE_LOOP_ANALYSIS = YES;
				CLANG_WARN_STRICT_PROTOTYPES = YES;
				CLANG_WARN_SUSPICIOUS_MOVE = YES;
				CLANG_WARN_UNGUARDED_AVAILABILITY = YES_AGGRESSIVE;
				CLANG_WARN_UNREACHABLE_CODE = YES;
				CLANG_WARN__DUPLICATE_METHOD_MATCH = YES;
				COPY_PHASE_STRIP = NO;
				DEBUG_INFORMATION_FORMAT = "dwarf-with-dsym";
				ENABLE_NS_ASSERTIONS = NO;
				ENABLE_STRICT_OBJC_MSGSEND = YES;
				ENABLE_USER_SCRIPT_SANDBOXING = YES;
				GCC_C_LANGUAGE_STANDARD = gnu17;
				GCC_NO_COMMON_BLOCKS = YES;
				GCC_WARN_64_TO_32_BIT_CONVERSION = YES;
				GCC_WARN_ABOUT_RETURN_TYPE = YES_ERROR;
				GCC_WARN_UNDECLARED_SELECTOR = YES;
				GCC_WARN_UNINITIALIZED_AUTOS = YES_AGGRESSIVE;
				GCC_WARN_UNUSED_FUNCTION = YES;
				GCC_WARN_UNUSED_VARIABLE = YES;
				IPHONEOS_DEPLOYMENT_TARGET = 18.0;
				LOCALIZATION_PREFERS_STRING_CATALOGS = YES;
				MTL_ENABLE_DEBUG_INFO = NO;
				MTL_FAST_MATH = YES;
				SDKROOT = iphoneos;
				SWIFT_COMPILATION_MODE = wholemodule;
				VALIDATE_PRODUCT = YES;
			};
			name = Release;
		};
		36AC71EF2CB57C7C002FF37C /* Debug */ = {
			isa = XCBuildConfiguration;
			buildSettings = {
				ASSETCATALOG_COMPILER_APPICON_NAME = AppIcon;
				ASSETCATALOG_COMPILER_GLOBAL_ACCENT_COLOR_NAME = AccentColor;
				CODE_SIGN_STYLE = Automatic;
				CURRENT_PROJECT_VERSION = 1;
				DEVELOPMENT_ASSET_PATHS = "";
				DEVELOPMENT_TEAM = S6ZFW3NA3K;
				ENABLE_PREVIEWS = YES;
				GENERATE_INFOPLIST_FILE = YES;
				INFOPLIST_FILE = BibleTrivia/Info.plist;
				INFOPLIST_KEY_UIApplicationSceneManifest_Generation = YES;
				INFOPLIST_KEY_UIApplicationSupportsIndirectInputEvents = YES;
				INFOPLIST_KEY_UILaunchScreen_Generation = YES;
				INFOPLIST_KEY_UISupportedInterfaceOrientations_iPad = "UIInterfaceOrientationPortrait UIInterfaceOrientationPortraitUpsideDown UIInterfaceOrientationLandscapeLeft UIInterfaceOrientationLandscapeRight";
				INFOPLIST_KEY_UISupportedInterfaceOrientations_iPhone = "UIInterfaceOrientationPortrait UIInterfaceOrientationLandscapeLeft UIInterfaceOrientationLandscapeRight";
				LD_RUNPATH_SEARCH_PATHS = (
					"$(inherited)",
					"@executable_path/Frameworks",
				);
				MARKETING_VERSION = 1.0;
				PRODUCT_BUNDLE_IDENTIFIER = johnmark.BibleTrivia;
				PRODUCT_NAME = "$(TARGET_NAME)";
				SWIFT_EMIT_LOC_STRINGS = YES;
				SWIFT_VERSION = 5.0;
				TARGETED_DEVICE_FAMILY = "1,2";
			};
			name = Debug;
		};
		36AC71F02CB57C7C002FF37C /* Release */ = {
			isa = XCBuildConfiguration;
			buildSettings = {
				ASSETCATALOG_COMPILER_APPICON_NAME = AppIcon;
				ASSETCATALOG_COMPILER_GLOBAL_ACCENT_COLOR_NAME = AccentColor;
				CODE_SIGN_STYLE = Automatic;
				CURRENT_PROJECT_VERSION = 1;
				DEVELOPMENT_ASSET_PATHS = "";
				DEVELOPMENT_TEAM = S6ZFW3NA3K;
				ENABLE_PREVIEWS = YES;
				GENERATE_INFOPLIST_FILE = YES;
				INFOPLIST_FILE = BibleTrivia/Info.plist;
				INFOPLIST_KEY_UIApplicationSceneManifest_Generation = YES;
				INFOPLIST_KEY_UIApplicationSupportsIndirectInputEvents = YES;
				INFOPLIST_KEY_UILaunchScreen_Generation = YES;
				INFOPLIST_KEY_UISupportedInterfaceOrientations_iPad = "UIInterfaceOrientationPortrait UIInterfaceOrientationPortraitUpsideDown UIInterfaceOrientationLandscapeLeft UIInterfaceOrientationLandscapeRight";
				INFOPLIST_KEY_UISupportedInterfaceOrientations_iPhone = "UIInterfaceOrientationPortrait UIInterfaceOrientationLandscapeLeft UIInterfaceOrientationLandscapeRight";
				LD_RUNPATH_SEARCH_PATHS = (
					"$(inherited)",
					"@executable_path/Frameworks",
				);
				MARKETING_VERSION = 1.0;
				PRODUCT_BUNDLE_IDENTIFIER = johnmark.BibleTrivia;
				PRODUCT_NAME = "$(TARGET_NAME)";
				SWIFT_EMIT_LOC_STRINGS = YES;
				SWIFT_VERSION = 5.0;
				TARGETED_DEVICE_FAMILY = "1,2";
			};
			name = Release;
		};
/* End XCBuildConfiguration section */

/* Begin XCConfigurationList section */
		36AC71DB2CB57C7B002FF37C /* Build configuration list for PBXProject "BibleTrivia" */ = {
			isa = XCConfigurationList;
			buildConfigurations = (
				36AC71EC2CB57C7C002FF37C /* Debug */,
				36AC71ED2CB57C7C002FF37C /* Release */,
			);
			defaultConfigurationIsVisible = 0;
			defaultConfigurationName = Release;
		};
		36AC71EE2CB57C7C002FF37C /* Build configuration list for PBXNativeTarget "BibleTrivia" */ = {
			isa = XCConfigurationList;
			buildConfigurations = (
				36AC71EF2CB57C7C002FF37C /* Debug */,
				36AC71F02CB57C7C002FF37C /* Release */,
			);
			defaultConfigurationIsVisible = 0;
			defaultConfigurationName = Release;
		};
/* End XCConfigurationList section */

/* Begin XCRemoteSwiftPackageReference section */
		36A591FF2D1EC62C00972BA2 /* XCRemoteSwiftPackageReference "lottie-ios" */ = {
			isa = XCRemoteSwiftPackageReference;
			repositoryURL = "https://github.com/airbnb/lottie-ios.git";
			requirement = {
				kind = upToNextMajorVersion;
				minimumVersion = 4.5.0;
			};
		};
		36A6512B2D184E220065AE7C /* XCRemoteSwiftPackageReference "supabase-swift" */ = {
			isa = XCRemoteSwiftPackageReference;
			repositoryURL = "https://github.com/supabase/supabase-swift.git";
			requirement = {
				kind = upToNextMajorVersion;
				minimumVersion = 2.5.1;
			};
		};
/* End XCRemoteSwiftPackageReference section */

/* Begin XCSwiftPackageProductDependency section */
		36A592002D1EC62C00972BA2 /* Lottie */ = {
			isa = XCSwiftPackageProductDependency;
			package = 36A591FF2D1EC62C00972BA2 /* XCRemoteSwiftPackageReference "lottie-ios" */;
			productName = Lottie;
		};
		36A6512C2D184E220065AE7C /* Auth */ = {
			isa = XCSwiftPackageProductDependency;
			package = 36A6512B2D184E220065AE7C /* XCRemoteSwiftPackageReference "supabase-swift" */;
			productName = Auth;
		};
		36A6512E2D184E220065AE7C /* Functions */ = {
			isa = XCSwiftPackageProductDependency;
			package = 36A6512B2D184E220065AE7C /* XCRemoteSwiftPackageReference "supabase-swift" */;
			productName = Functions;
		};
		36A651302D184E220065AE7C /* Realtime */ = {
			isa = XCSwiftPackageProductDependency;
			package = 36A6512B2D184E220065AE7C /* XCRemoteSwiftPackageReference "supabase-swift" */;
			productName = Realtime;
		};
		36A651322D184E220065AE7C /* Storage */ = {
			isa = XCSwiftPackageProductDependency;
			package = 36A6512B2D184E220065AE7C /* XCRemoteSwiftPackageReference "supabase-swift" */;
			productName = Storage;
		};
		36A651342D184E220065AE7C /* Supabase */ = {
			isa = XCSwiftPackageProductDependency;
			package = 36A6512B2D184E220065AE7C /* XCRemoteSwiftPackageReference "supabase-swift" */;
			productName = Supabase;
		};
/* End XCSwiftPackageProductDependency section */
	};
	rootObject = 36AC71D82CB57C7B002FF37C /* Project object */;
}
